Microsoft Visual Studio Solution File, Format Version 11.00
# Visual Studio 2008

Project("{6CBB1FF7-2122-F046-E91A-BBAC139404F7}") = "Memento Prototyp", "Assembly-CSharp-firstpass-vs.csproj", "{BEDD8088-BB0A-DF45-968A-58FEE2577F65}"
EndProject
Project("{6CBB1FF7-2122-F046-E91A-BBAC139404F7}") = "Memento Prototyp", "Assembly-CSharp-vs.csproj", "{A8115611-1B5E-073E-99E9-50A7E30D5931}"
EndProject
Project("{6CBB1FF7-2122-F046-E91A-BBAC139404F7}") = "Memento Prototyp", "Assembly-CSharp-Editor-vs.csproj", "{AD7BAF78-E90B-0312-B670-47FB75999579}"
EndProject
Global
	GlobalSection(SolutionConfigurationPlatforms) = preSolution
		Debug|Any CPU = Debug|Any CPU
		Release|Any CPU = Release|Any CPU
	EndGlobalSection
	GlobalSection(ProjectConfigurationPlatforms) = postSolution
		{BEDD8088-BB0A-DF45-968A-58FEE2577F65}.Debug|Any CPU.ActiveCfg = Debug|Any CPU
		{BEDD8088-BB0A-DF45-968A-58FEE2577F65}.Debug|Any CPU.Build.0 = Debug|Any CPU
		{BEDD8088-BB0A-DF45-968A-58FEE2577F65}.Release|Any CPU.ActiveCfg = Release|Any CPU
		{BEDD8088-BB0A-DF45-968A-58FEE2577F65}.Release|Any CPU.Build.0 = Release|Any CPU
		{A8115611-1B5E-073E-99E9-50A7E30D5931}.Debug|Any CPU.ActiveCfg = Debug|Any CPU
		{A8115611-1B5E-073E-99E9-50A7E30D5931}.Debug|Any CPU.Build.0 = Debug|Any CPU
		{A8115611-1B5E-073E-99E9-50A7E30D5931}.Release|Any CPU.ActiveCfg = Release|Any CPU
		{A8115611-1B5E-073E-99E9-50A7E30D5931}.Release|Any CPU.Build.0 = Release|Any CPU
		{AD7BAF78-E90B-0312-B670-47FB75999579}.Debug|Any CPU.ActiveCfg = Debug|Any CPU
		{AD7BAF78-E90B-0312-B670-47FB75999579}.Debug|Any CPU.Build.0 = Debug|Any CPU
		{AD7BAF78-E90B-0312-B670-47FB75999579}.Release|Any CPU.ActiveCfg = Release|Any CPU
		{AD7BAF78-E90B-0312-B670-47FB75999579}.Release|Any CPU.Build.0 = Release|Any CPU
	EndGlobalSection
	GlobalSection(SolutionProperties) = preSolution
		HideSolutionNode = FALSE
	EndGlobalSection
																																																																																																																																																																																																																																																																																																																																																																																																																																																																																																																																																																				GlobalSection(MonoDevelopProperties) = preSolution
		StartupItem = Assembly-CSharp.csproj
		Policies = $0
		$0.TextStylePolicy = $1
		$1.inheritsSet = null
		$1.scope = text/x-csharp
		$0.CSharpFormattingPolicy = $2
		$2.inheritsSet = Mono
		$2.inheritsScope = text/x-csharp
		$2.scope = text/x-csharp
		$0.TextStylePolicy = $3
		$3.FileWidth = 120
		$3.TabWidth = 4
		$3.IndentWidth = 4
		$3.EolMarker = Unix
		$3.inheritsSet = Mono
		$3.inheritsScope = text/plain
		$3.scope = text/plain
	EndGlobalSection

EndGlobal
